
Microsoft Visual Studio Solution File, Format Version 12.00
# Visual Studio Version 16
VisualStudioVersion = 16.0.808.4
MinimumVisualStudioVersion = 10.0.40219.1
Project("{FAE04EC0-301F-11D3-BF4B-00C04F79EFBC}") = "TechJobsOO", "TechJobsOO.csproj", "{68B00B3A-0139-456B-B38D-9924D9CBFFE6}"
EndProject
Global
	GlobalSection(SolutionConfigurationPlatforms) = preSolution
		Debug|Any CPU = Debug|Any CPU
		Release|Any CPU = Release|Any CPU
	EndGlobalSection
	GlobalSection(ProjectConfigurationPlatforms) = postSolution
		{68B00B3A-0139-456B-B38D-9924D9CBFFE6}.Debug|Any CPU.ActiveCfg = Debug|Any CPU
		{68B00B3A-0139-456B-B38D-9924D9CBFFE6}.Debug|Any CPU.Build.0 = Debug|Any CPU
		{68B00B3A-0139-456B-B38D-9924D9CBFFE6}.Release|Any CPU.ActiveCfg = Release|Any CPU
		{68B00B3A-0139-456B-B38D-9924D9CBFFE6}.Release|Any CPU.Build.0 = Release|Any CPU
	EndGlobalSection
	GlobalSection(SolutionProperties) = preSolution
		HideSolutionNode = FALSE
	EndGlobalSection
	GlobalSection(ExtensibilityGlobals) = postSolution
		SolutionGuid = {0589B8AA-3A4F-4193-8B02-97B19B4B0EE5}
	EndGlobalSection
EndGlobal
